
Microsoft Visual Studio Solution File, Format Version 12.00
# Visual Studio Version 16
VisualStudioVersion = 16.0.31515.178
MinimumVisualStudioVersion = 10.0.40219.1
Project("{9A19103F-16F7-4668-BE54-9A1E7A4F7556}") = "SchedulingAssistant.Server", "SchedulingAssistant\Server\SchedulingAssistant.Server.csproj", "{B1747CBA-E24D-4226-9D4B-695FA3520FA4}"
EndProject
Project("{9A19103F-16F7-4668-BE54-9A1E7A4F7556}") = "SchedulingAssistant.Client", "SchedulingAssistant\Client\SchedulingAssistant.Client.csproj", "{536ED200-CE59-4B15-B961-8935276942CE}"
EndProject
Project("{9A19103F-16F7-4668-BE54-9A1E7A4F7556}") = "SchedulingAssistant.Shared", "SchedulingAssistant\Shared\SchedulingAssistant.Shared.csproj", "{E54200E0-FAEF-45C6-A982-0E93A1E2A80E}"
EndProject
Project("{00D1A9C2-B5F0-4AF3-8072-F6C62B433612}") = "SchedulingAssistantDBO", "SchedulingAssistantDBO\SchedulingAssistantDBO.sqlproj", "{51E88EBD-B91C-4892-90B8-B9A39FEEDAB3}"
EndProject
Project("{FAE04EC0-301F-11D3-BF4B-00C04F79EFBC}") = "SqlData", "ClassLibrary1\SqlData.csproj", "{F5076889-431E-4A5B-A6D5-340B9DB69B6C}"
EndProject
Global
	GlobalSection(SolutionConfigurationPlatforms) = preSolution
		Debug|Any CPU = Debug|Any CPU
		Release|Any CPU = Release|Any CPU
	EndGlobalSection
	GlobalSection(ProjectConfigurationPlatforms) = postSolution
		{B1747CBA-E24D-4226-9D4B-695FA3520FA4}.Debug|Any CPU.ActiveCfg = Debug|Any CPU
		{B1747CBA-E24D-4226-9D4B-695FA3520FA4}.Debug|Any CPU.Build.0 = Debug|Any CPU
		{B1747CBA-E24D-4226-9D4B-695FA3520FA4}.Release|Any CPU.ActiveCfg = Release|Any CPU
		{B1747CBA-E24D-4226-9D4B-695FA3520FA4}.Release|Any CPU.Build.0 = Release|Any CPU
		{536ED200-CE59-4B15-B961-8935276942CE}.Debug|Any CPU.ActiveCfg = Debug|Any CPU
		{536ED200-CE59-4B15-B961-8935276942CE}.Debug|Any CPU.Build.0 = Debug|Any CPU
		{536ED200-CE59-4B15-B961-8935276942CE}.Release|Any CPU.ActiveCfg = Release|Any CPU
		{536ED200-CE59-4B15-B961-8935276942CE}.Release|Any CPU.Build.0 = Release|Any CPU
		{E54200E0-FAEF-45C6-A982-0E93A1E2A80E}.Debug|Any CPU.ActiveCfg = Debug|Any CPU
		{E54200E0-FAEF-45C6-A982-0E93A1E2A80E}.Debug|Any CPU.Build.0 = Debug|Any CPU
		{E54200E0-FAEF-45C6-A982-0E93A1E2A80E}.Release|Any CPU.ActiveCfg = Release|Any CPU
		{E54200E0-FAEF-45C6-A982-0E93A1E2A80E}.Release|Any CPU.Build.0 = Release|Any CPU
		{51E88EBD-B91C-4892-90B8-B9A39FEEDAB3}.Debug|Any CPU.ActiveCfg = Debug|Any CPU
		{51E88EBD-B91C-4892-90B8-B9A39FEEDAB3}.Debug|Any CPU.Build.0 = Debug|Any CPU
		{51E88EBD-B91C-4892-90B8-B9A39FEEDAB3}.Debug|Any CPU.Deploy.0 = Debug|Any CPU
		{51E88EBD-B91C-4892-90B8-B9A39FEEDAB3}.Release|Any CPU.ActiveCfg = Release|Any CPU
		{51E88EBD-B91C-4892-90B8-B9A39FEEDAB3}.Release|Any CPU.Build.0 = Release|Any CPU
		{51E88EBD-B91C-4892-90B8-B9A39FEEDAB3}.Release|Any CPU.Deploy.0 = Release|Any CPU
		{F5076889-431E-4A5B-A6D5-340B9DB69B6C}.Debug|Any CPU.ActiveCfg = Debug|Any CPU
		{F5076889-431E-4A5B-A6D5-340B9DB69B6C}.Debug|Any CPU.Build.0 = Debug|Any CPU
		{F5076889-431E-4A5B-A6D5-340B9DB69B6C}.Release|Any CPU.ActiveCfg = Release|Any CPU
		{F5076889-431E-4A5B-A6D5-340B9DB69B6C}.Release|Any CPU.Build.0 = Release|Any CPU
	EndGlobalSection
	GlobalSection(SolutionProperties) = preSolution
		HideSolutionNode = FALSE
	EndGlobalSection
	GlobalSection(ExtensibilityGlobals) = postSolution
		SolutionGuid = {677EBCCF-6FD5-45FD-9771-31C0EB71D786}
	EndGlobalSection
EndGlobal
